
Microsoft Visual Studio Solution File, Format Version 12.00
# Visual Studio Version 16
VisualStudioVersion = 16.0.30804.86
MinimumVisualStudioVersion = 10.0.40219.1
Project("{FAE04EC0-301F-11D3-BF4B-00C04F79EFBC}") = "EmployeeManagement", "EmployeeManagement\EmployeeManagement.csproj", "{4FE3B928-235A-47B1-81E5-C3D8064824BF}"
EndProject
Global
	GlobalSection(SolutionConfigurationPlatforms) = preSolution
		Debug|Any CPU = Debug|Any CPU
		Release|Any CPU = Release|Any CPU
	EndGlobalSection
	GlobalSection(ProjectConfigurationPlatforms) = postSolution
		{4FE3B928-235A-47B1-81E5-C3D8064824BF}.Debug|Any CPU.ActiveCfg = Debug|Any CPU
		{4FE3B928-235A-47B1-81E5-C3D8064824BF}.Debug|Any CPU.Build.0 = Debug|Any CPU
		{4FE3B928-235A-47B1-81E5-C3D8064824BF}.Release|Any CPU.ActiveCfg = Release|Any CPU
		{4FE3B928-235A-47B1-81E5-C3D8064824BF}.Release|Any CPU.Build.0 = Release|Any CPU
	EndGlobalSection
	GlobalSection(SolutionProperties) = preSolution
		HideSolutionNode = FALSE
	EndGlobalSection
	GlobalSection(ExtensibilityGlobals) = postSolution
		SolutionGuid = {B9A2004E-B245-4E6B-9DBB-B53F5A5814DC}
	EndGlobalSection
EndGlobal
